
Microsoft Visual Studio Solution File, Format Version 12.00
# Visual Studio Version 16
VisualStudioVersion = 16.0.31729.503
MinimumVisualStudioVersion = 10.0.40219.1
Project("{FAE04EC0-301F-11D3-BF4B-00C04F79EFBC}") = "focus", "focus\focus.csproj", "{761FC552-A711-4372-A66F-74A9B63458E6}"
EndProject
Global
	GlobalSection(SolutionConfigurationPlatforms) = preSolution
		Debug|Any CPU = Debug|Any CPU
		Release|Any CPU = Release|Any CPU
	EndGlobalSection
	GlobalSection(ProjectConfigurationPlatforms) = postSolution
		{761FC552-A711-4372-A66F-74A9B63458E6}.Debug|Any CPU.ActiveCfg = Debug|Any CPU
		{761FC552-A711-4372-A66F-74A9B63458E6}.Debug|Any CPU.Build.0 = Debug|Any CPU
		{761FC552-A711-4372-A66F-74A9B63458E6}.Release|Any CPU.ActiveCfg = Release|Any CPU
		{761FC552-A711-4372-A66F-74A9B63458E6}.Release|Any CPU.Build.0 = Release|Any CPU
	EndGlobalSection
	GlobalSection(SolutionProperties) = preSolution
		HideSolutionNode = FALSE
	EndGlobalSection
	GlobalSection(ExtensibilityGlobals) = postSolution
		SolutionGuid = {B6817CED-423F-42CA-B0CD-4ABE3FECAB04}
	EndGlobalSection
EndGlobal
